
Microsoft Visual Studio Solution File, Format Version 12.00
# Visual Studio Version 16
VisualStudioVersion = 16.0.30621.155
MinimumVisualStudioVersion = 10.0.40219.1
Project("{FAE04EC0-301F-11D3-BF4B-00C04F79EFBC}") = "Numero-letras", "Numero-letras\Numero-letras.csproj", "{B613A32A-E72F-4311-9E11-1ED79C6AB0F8}"
EndProject
Global
	GlobalSection(SolutionConfigurationPlatforms) = preSolution
		Debug|Any CPU = Debug|Any CPU
		Release|Any CPU = Release|Any CPU
	EndGlobalSection
	GlobalSection(ProjectConfigurationPlatforms) = postSolution
		{B613A32A-E72F-4311-9E11-1ED79C6AB0F8}.Debug|Any CPU.ActiveCfg = Debug|Any CPU
		{B613A32A-E72F-4311-9E11-1ED79C6AB0F8}.Debug|Any CPU.Build.0 = Debug|Any CPU
		{B613A32A-E72F-4311-9E11-1ED79C6AB0F8}.Release|Any CPU.ActiveCfg = Release|Any CPU
		{B613A32A-E72F-4311-9E11-1ED79C6AB0F8}.Release|Any CPU.Build.0 = Release|Any CPU
	EndGlobalSection
	GlobalSection(SolutionProperties) = preSolution
		HideSolutionNode = FALSE
	EndGlobalSection
	GlobalSection(ExtensibilityGlobals) = postSolution
		SolutionGuid = {186FA371-BCCA-40FE-B064-1FD8186EB135}
	EndGlobalSection
EndGlobal
